// !$*UTF8*$!
{
	archiveVersion = 1;
	classes = {
	};
	objectVersion = 55;
	objects = {

/* Begin PBXBuildFile section */
		6227EDFE27B7AE0500D517D5 /* AppDelegate.swift in Sources */ = {isa = PBXBuildFile; fileRef = 6227EDFD27B7AE0500D517D5 /* AppDelegate.swift */; };
		6227EE0027B7AE0500D517D5 /* SceneDelegate.swift in Sources */ = {isa = PBXBuildFile; fileRef = 6227EDFF27B7AE0500D517D5 /* SceneDelegate.swift */; };
		6227EE0227B7AE0500D517D5 /* ViewController.swift in Sources */ = {isa = PBXBuildFile; fileRef = 6227EE0127B7AE0500D517D5 /* ViewController.swift */; };
		6227EE0527B7AE0500D517D5 /* Main.storyboard in Resources */ = {isa = PBXBuildFile; fileRef = 6227EE0327B7AE0500D517D5 /* Main.storyboard */; };
		6227EE0727B7AE0700D517D5 /* Assets.xcassets in Resources */ = {isa = PBXBuildFile; fileRef = 6227EE0627B7AE0700D517D5 /* Assets.xcassets */; };
		6227EE0A27B7AE0700D517D5 /* LaunchScreen.storyboard in Resources */ = {isa = PBXBuildFile; fileRef = 6227EE0827B7AE0700D517D5 /* LaunchScreen.storyboard */; };
		6227EE1827B7B04200D517D5 /* FeedViewController.swift in Sources */ = {isa = PBXBuildFile; fileRef = 6227EE1727B7B04200D517D5 /* FeedViewController.swift */; };
		6227EE1A27B7B04C00D517D5 /* ProfileViewController.swift in Sources */ = {isa = PBXBuildFile; fileRef = 6227EE1927B7B04C00D517D5 /* ProfileViewController.swift */; };
		6227EE1C27B91CE500D517D5 /* PostViewController.swift in Sources */ = {isa = PBXBuildFile; fileRef = 6227EE1B27B91CE500D517D5 /* PostViewController.swift */; };
		6227EE1E27B9300C00D517D5 /* InfoViewController.swift in Sources */ = {isa = PBXBuildFile; fileRef = 6227EE1D27B9300C00D517D5 /* InfoViewController.swift */; };
/* End PBXBuildFile section */

/* Begin PBXFileReference section */
		6227EDFA27B7AE0500D517D5 /* Navigation2.app */ = {isa = PBXFileReference; explicitFileType = wrapper.application; includeInIndex = 0; path = Navigation2.app; sourceTree = BUILT_PRODUCTS_DIR; };
		6227EDFD27B7AE0500D517D5 /* AppDelegate.swift */ = {isa = PBXFileReference; lastKnownFileType = sourcecode.swift; path = AppDelegate.swift; sourceTree = "<group>"; };
		6227EDFF27B7AE0500D517D5 /* SceneDelegate.swift */ = {isa = PBXFileReference; lastKnownFileType = sourcecode.swift; path = SceneDelegate.swift; sourceTree = "<group>"; };
		6227EE0127B7AE0500D517D5 /* ViewController.swift */ = {isa = PBXFileReference; lastKnownFileType = sourcecode.swift; path = ViewController.swift; sourceTree = "<group>"; };
		6227EE0427B7AE0500D517D5 /* Base */ = {isa = PBXFileReference; lastKnownFileType = file.storyboard; name = Base; path = Base.lproj/Main.storyboard; sourceTree = "<group>"; };
		6227EE0627B7AE0700D517D5 /* Assets.xcassets */ = {isa = PBXFileReference; lastKnownFileType = folder.assetcatalog; path = Assets.xcassets; sourceTree = "<group>"; };
		6227EE0927B7AE0700D517D5 /* Base */ = {isa = PBXFileReference; lastKnownFileType = file.storyboard; name = Base; path = Base.lproj/LaunchScreen.storyboard; sourceTree = "<group>"; };
		6227EE0B27B7AE0700D517D5 /* Info.plist */ = {isa = PBXFileReference; lastKnownFileType = text.plist.xml; path = Info.plist; sourceTree = "<group>"; };
		6227EE1727B7B04200D517D5 /* FeedViewController.swift */ = {isa = PBXFileReference; lastKnownFileType = sourcecode.swift; path = FeedViewController.swift; sourceTree = "<group>"; };
		6227EE1927B7B04C00D517D5 /* ProfileViewController.swift */ = {isa = PBXFileReference; lastKnownFileType = sourcecode.swift; path = ProfileViewController.swift; sourceTree = "<group>"; };
		6227EE1B27B91CE500D517D5 /* PostViewController.swift */ = {isa = PBXFileReference; lastKnownFileType = sourcecode.swift; path = PostViewController.swift; sourceTree = "<group>"; };
		6227EE1D27B9300C00D517D5 /* InfoViewController.swift */ = {isa = PBXFileReference; lastKnownFileType = sourcecode.swift; path = InfoViewController.swift; sourceTree = "<group>"; };
/* End PBXFileReference section */

/* Begin PBXFrameworksBuildPhase section */
		6227EDF727B7AE0500D517D5 /* Frameworks */ = {
			isa = PBXFrameworksBuildPhase;
			buildActionMask = 2147483647;
			files = (
			);
			runOnlyForDeploymentPostprocessing = 0;
		};
/* End PBXFrameworksBuildPhase section */

/* Begin PBXGroup section */
		6227EDF127B7AE0500D517D5 = {
			isa = PBXGroup;
			children = (
				6227EDFC27B7AE0500D517D5 /* Navigation2 */,
				6227EDFB27B7AE0500D517D5 /* Products */,
			);
			sourceTree = "<group>";
		};
		6227EDFB27B7AE0500D517D5 /* Products */ = {
			isa = PBXGroup;
			children = (
				6227EDFA27B7AE0500D517D5 /* Navigation2.app */,
			);
			name = Products;
			sourceTree = "<group>";
		};
		6227EDFC27B7AE0500D517D5 /* Navigation2 */ = {
			isa = PBXGroup;
			children = (
				6227EDFD27B7AE0500D517D5 /* AppDelegate.swift */,
				6227EDFF27B7AE0500D517D5 /* SceneDelegate.swift */,
				6227EE1B27B91CE500D517D5 /* PostViewController.swift */,
				6227EE1727B7B04200D517D5 /* FeedViewController.swift */,
				6227EE1927B7B04C00D517D5 /* ProfileViewController.swift */,
				6227EE0127B7AE0500D517D5 /* ViewController.swift */,
				6227EE0327B7AE0500D517D5 /* Main.storyboard */,
				6227EE0627B7AE0700D517D5 /* Assets.xcassets */,
				6227EE0827B7AE0700D517D5 /* LaunchScreen.storyboard */,
				6227EE0B27B7AE0700D517D5 /* Info.plist */,
				6227EE1D27B9300C00D517D5 /* InfoViewController.swift */,
			);
			path = Navigation2;
			sourceTree = "<group>";
		};
/* End PBXGroup section */

/* Begin PBXNativeTarget section */
		6227EDF927B7AE0500D517D5 /* Navigation2 */ = {
			isa = PBXNativeTarget;
			buildConfigurationList = 6227EE0E27B7AE0700D517D5 /* Build configuration list for PBXNativeTarget "Navigation2" */;
			buildPhases = (
				6227EDF627B7AE0500D517D5 /* Sources */,
				6227EDF727B7AE0500D517D5 /* Frameworks */,
				6227EDF827B7AE0500D517D5 /* Resources */,
			);
			buildRules = (
			);
			dependencies = (
			);
			name = Navigation2;
			productName = Navigation2;
			productReference = 6227EDFA27B7AE0500D517D5 /* Navigation2.app */;
			productType = "com.apple.product-type.application";
		};
/* End PBXNativeTarget section */

/* Begin PBXProject section */
		6227EDF227B7AE0500D517D5 /* Project object */ = {
			isa = PBXProject;
			attributes = {
				BuildIndependentTargetsInParallel = 1;
				LastSwiftUpdateCheck = 1320;
				LastUpgradeCheck = 1320;
				TargetAttributes = {
					6227EDF927B7AE0500D517D5 = {
						CreatedOnToolsVersion = 13.2.1;
					};
				};
			};
			buildConfigurationList = 6227EDF527B7AE0500D517D5 /* Build configuration list for PBXProject "Navigation2" */;
			compatibilityVersion = "Xcode 13.0";
			developmentRegion = en;
			hasScannedForEncodings = 0;
			knownRegions = (
				en,
				Base,
			);
			mainGroup = 6227EDF127B7AE0500D517D5;
			productRefGroup = 6227EDFB27B7AE0500D517D5 /* Products */;
			projectDirPath = "";
			projectRoot = "";
			targets = (
				6227EDF927B7AE0500D517D5 /* Navigation2 */,
			);
		};
/* End PBXProject section */

/* Begin PBXResourcesBuildPhase section */
		6227EDF827B7AE0500D517D5 /* Resources */ = {
			isa = PBXResourcesBuildPhase;
			buildActionMask = 2147483647;
			files = (
				6227EE0A27B7AE0700D517D5 /* LaunchScreen.storyboard in Resources */,
				6227EE0727B7AE0700D517D5 /* Assets.xcassets in Resources */,
				6227EE0527B7AE0500D517D5 /* Main.storyboard in Resources */,
			);
			runOnlyForDeploymentPostprocessing = 0;
		};
/* End PBXResourcesBuildPhase section */

/* Begin PBXSourcesBuildPhase section */
		6227EDF627B7AE0500D517D5 /* Sources */ = {
			isa = PBXSourcesBuildPhase;
			buildActionMask = 2147483647;
			files = (
				6227EE1C27B91CE500D517D5 /* PostViewController.swift in Sources */,
				6227EE0227B7AE0500D517D5 /* ViewController.swift in Sources */,
				6227EDFE27B7AE0500D517D5 /* AppDelegate.swift in Sources */,
				6227EE1E27B9300C00D517D5 /* InfoViewController.swift in Sources */,
				6227EE0027B7AE0500D517D5 /* SceneDelegate.swift in Sources */,
				6227EE1A27B7B04C00D517D5 /* ProfileViewController.swift in Sources */,
				6227EE1827B7B04200D517D5 /* FeedViewController.swift in Sources */,
			);
			runOnlyForDeploymentPostprocessing = 0;
		};
/* End PBXSourcesBuildPhase section */

/* Begin PBXVariantGroup section */
		6227EE0327B7AE0500D517D5 /* Main.storyboard */ = {
			isa = PBXVariantGroup;
			children = (
				6227EE0427B7AE0500D517D5 /* Base */,
			);
			name = Main.storyboard;
			sourceTree = "<group>";
		};
		6227EE0827B7AE0700D517D5 /* LaunchScreen.storyboard */ = {
			isa = PBXVariantGroup;
			children = (
				6227EE0927B7AE0700D517D5 /* Base */,
			);
			name = LaunchScreen.storyboard;
			sourceTree = "<group>";
		};
/* End PBXVariantGroup section */

/* Begin XCBuildConfiguration section */
		6227EE0C27B7AE0700D517D5 /* Debug */ = {
			isa = XCBuildConfiguration;
			buildSettings = {
				ALWAYS_SEARCH_USER_PATHS = NO;
				CLANG_ANALYZER_NONNULL = YES;
				CLANG_ANALYZER_NUMBER_OBJECT_CONVERSION = YES_AGGRESSIVE;
				CLANG_CXX_LANGUAGE_STANDARD = "gnu++17";
				CLANG_CXX_LIBRARY = "libc++";
				CLANG_ENABLE_MODULES = YES;
				CLANG_ENABLE_OBJC_ARC = YES;
				CLANG_ENABLE_OBJC_WEAK = YES;
				CLANG_WARN_BLOCK_CAPTURE_AUTORELEASING = YES;
				CLANG_WARN_BOOL_CONVERSION = YES;
				CLANG_WARN_COMMA = YES;
				CLANG_WARN_CONSTANT_CONVERSION = YES;
				CLANG_WARN_DEPRECATED_OBJC_IMPLEMENTATIONS = YES;
				CLANG_WARN_DIRECT_OBJC_ISA_USAGE = YES_ERROR;
				CLANG_WARN_DOCUMENTATION_COMMENTS = YES;
				CLANG_WARN_EMPTY_BODY = YES;
				CLANG_WARN_ENUM_CONVERSION = YES;
				CLANG_WARN_INFINITE_RECURSION = YES;
				CLANG_WARN_INT_CONVERSION = YES;
				CLANG_WARN_NON_LITERAL_NULL_CONVERSION = YES;
				CLANG_WARN_OBJC_IMPLICIT_RETAIN_SELF = YES;
				CLANG_WARN_OBJC_LITERAL_CONVERSION = YES;
				CLANG_WARN_OBJC_ROOT_CLASS = YES_ERROR;
				CLANG_WARN_QUOTED_INCLUDE_IN_FRAMEWORK_HEADER = YES;
				CLANG_WARN_RANGE_LOOP_ANALYSIS = YES;
				CLANG_WARN_STRICT_PROTOTYPES = YES;
				CLANG_WARN_SUSPICIOUS_MOVE = YES;
				CLANG_WARN_UNGUARDED_AVAILABILITY = YES_AGGRESSIVE;
				CLANG_WARN_UNREACHABLE_CODE = YES;
				CLANG_WARN__DUPLICATE_METHOD_MATCH = YES;
				COPY_PHASE_STRIP = NO;
				DEBUG_INFORMATION_FORMAT = dwarf;
				ENABLE_STRICT_OBJC_MSGSEND = YES;
				ENABLE_TESTABILITY = YES;
				GCC_C_LANGUAGE_STANDARD = gnu11;
				GCC_DYNAMIC_NO_PIC = NO;
				GCC_NO_COMMON_BLOCKS = YES;
				GCC_OPTIMIZATION_LEVEL = 0;
				GCC_PREPROCESSOR_DEFINITIONS = (
					"DEBUG=1",
					"$(inherited)",
				);
				GCC_WARN_64_TO_32_BIT_CONVERSION = YES;
				GCC_WARN_ABOUT_RETURN_TYPE = YES_ERROR;
				GCC_WARN_UNDECLARED_SELECTOR = YES;
				GCC_WARN_UNINITIALIZED_AUTOS = YES_AGGRESSIVE;
				GCC_WARN_UNUSED_FUNCTION = YES;
				GCC_WARN_UNUSED_VARIABLE = YES;
				IPHONEOS_DEPLOYMENT_TARGET = 15.2;
				MTL_ENABLE_DEBUG_INFO = INCLUDE_SOURCE;
				MTL_FAST_MATH = YES;
				ONLY_ACTIVE_ARCH = YES;
				SDKROOT = iphoneos;
				SWIFT_ACTIVE_COMPILATION_CONDITIONS = DEBUG;
				SWIFT_OPTIMIZATION_LEVEL = "-Onone";
			};
			name = Debug;
		};
		6227EE0D27B7AE0700D517D5 /* Release */ = {
			isa = XCBuildConfiguration;
			buildSettings = {
				ALWAYS_SEARCH_USER_PATHS = NO;
				CLANG_ANALYZER_NONNULL = YES;
				CLANG_ANALYZER_NUMBER_OBJECT_CONVERSION = YES_AGGRESSIVE;
				CLANG_CXX_LANGUAGE_STANDARD = "gnu++17";
				CLANG_CXX_LIBRARY = "libc++";
				CLANG_ENABLE_MODULES = YES;
				CLANG_ENABLE_OBJC_ARC = YES;
				CLANG_ENABLE_OBJC_WEAK = YES;
				CLANG_WARN_BLOCK_CAPTURE_AUTORELEASING = YES;
				CLANG_WARN_BOOL_CONVERSION = YES;
				CLANG_WARN_COMMA = YES;
				CLANG_WARN_CONSTANT_CONVERSION = YES;
				CLANG_WARN_DEPRECATED_OBJC_IMPLEMENTATIONS = YES;
				CLANG_WARN_DIRECT_OBJC_ISA_USAGE = YES_ERROR;
				CLANG_WARN_DOCUMENTATION_COMMENTS = YES;
				CLANG_WARN_EMPTY_BODY = YES;
				CLANG_WARN_ENUM_CONVERSION = YES;
				CLANG_WARN_INFINITE_RECURSION = YES;
				CLANG_WARN_INT_CONVERSION = YES;
				CLANG_WARN_NON_LITERAL_NULL_CONVERSION = YES;
				CLANG_WARN_OBJC_IMPLICIT_RETAIN_SELF = YES;
				CLANG_WARN_OBJC_LITERAL_CONVERSION = YES;
				CLANG_WARN_OBJC_ROOT_CLASS = YES_ERROR;
				CLANG_WARN_QUOTED_INCLUDE_IN_FRAMEWORK_HEADER = YES;
				CLANG_WARN_RANGE_LOOP_ANALYSIS = YES;
				CLANG_WARN_STRICT_PROTOTYPES = YES;
				CLANG_WARN_SUSPICIOUS_MOVE = YES;
				CLANG_WARN_UNGUARDED_AVAILABILITY = YES_AGGRESSIVE;
				CLANG_WARN_UNREACHABLE_CODE = YES;
				CLANG_WARN__DUPLICATE_METHOD_MATCH = YES;
				COPY_PHASE_STRIP = NO;
				DEBUG_INFORMATION_FORMAT = "dwarf-with-dsym";
				ENABLE_NS_ASSERTIONS = NO;
				ENABLE_STRICT_OBJC_MSGSEND = YES;
				GCC_C_LANGUAGE_STANDARD = gnu11;
				GCC_NO_COMMON_BLOCKS = YES;
				GCC_WARN_64_TO_32_BIT_CONVERSION = YES;
				GCC_WARN_ABOUT_RETURN_TYPE = YES_ERROR;
				GCC_WARN_UNDECLARED_SELECTOR = YES;
				GCC_WARN_UNINITIALIZED_AUTOS = YES_AGGRESSIVE;
				GCC_WARN_UNUSED_FUNCTION = YES;
				GCC_WARN_UNUSED_VARIABLE = YES;
				IPHONEOS_DEPLOYMENT_TARGET = 15.2;
				MTL_ENABLE_DEBUG_INFO = NO;
				MTL_FAST_MATH = YES;
				SDKROOT = iphoneos;
				SWIFT_COMPILATION_MODE = wholemodule;
				SWIFT_OPTIMIZATION_LEVEL = "-O";
				VALIDATE_PRODUCT = YES;
			};
			name = Release;
		};
		6227EE0F27B7AE0700D517D5 /* Debug */ = {
			isa = XCBuildConfiguration;
			buildSettings = {
				ASSETCATALOG_COMPILER_APPICON_NAME = AppIcon;
				ASSETCATALOG_COMPILER_GLOBAL_ACCENT_COLOR_NAME = AccentColor;
				CODE_SIGN_STYLE = Automatic;
				CURRENT_PROJECT_VERSION = 1;
				DEVELOPMENT_TEAM = KGQKUB7F86;
				GENERATE_INFOPLIST_FILE = YES;
				INFOPLIST_FILE = Navigation2/Info.plist;
				INFOPLIST_KEY_UIApplicationSupportsIndirectInputEvents = YES;
				INFOPLIST_KEY_UILaunchStoryboardName = LaunchScreen;
				INFOPLIST_KEY_UISupportedInterfaceOrientations_iPad = "UIInterfaceOrientationPortrait UIInterfaceOrientationPortraitUpsideDown UIInterfaceOrientationLandscapeLeft UIInterfaceOrientationLandscapeRight";
				INFOPLIST_KEY_UISupportedInterfaceOrientations_iPhone = "UIInterfaceOrientationPortrait UIInterfaceOrientationLandscapeLeft UIInterfaceOrientationLandscapeRight";
				LD_RUNPATH_SEARCH_PATHS = (
					"$(inherited)",
					"@executable_path/Frameworks",
				);
				MARKETING_VERSION = 1.0;
				PRODUCT_BUNDLE_IDENTIFIER = KaRambE.Navigation2;
				PRODUCT_NAME = "$(TARGET_NAME)";
				SWIFT_EMIT_LOC_STRINGS = YES;
				SWIFT_VERSION = 5.0;
				TARGETED_DEVICE_FAMILY = "1,2";
			};
			name = Debug;
		};
		6227EE1027B7AE0700D517D5 /* Release */ = {
			isa = XCBuildConfiguration;
			buildSettings = {
				ASSETCATALOG_COMPILER_APPICON_NAME = AppIcon;
				ASSETCATALOG_COMPILER_GLOBAL_ACCENT_COLOR_NAME = AccentColor;
				CODE_SIGN_STYLE = Automatic;
				CURRENT_PROJECT_VERSION = 1;
				DEVELOPMENT_TEAM = KGQKUB7F86;
				GENERATE_INFOPLIST_FILE = YES;
				INFOPLIST_FILE = Navigation2/Info.plist;
				INFOPLIST_KEY_UIApplicationSupportsIndirectInputEvents = YES;
				INFOPLIST_KEY_UILaunchStoryboardName = LaunchScreen;
				INFOPLIST_KEY_UISupportedInterfaceOrientations_iPad = "UIInterfaceOrientationPortrait UIInterfaceOrientationPortraitUpsideDown UIInterfaceOrientationLandscapeLeft UIInterfaceOrientationLandscapeRight";
				INFOPLIST_KEY_UISupportedInterfaceOrientations_iPhone = "UIInterfaceOrientationPortrait UIInterfaceOrientationLandscapeLeft UIInterfaceOrientationLandscapeRight";
				LD_RUNPATH_SEARCH_PATHS = (
					"$(inherited)",
					"@executable_path/Frameworks",
				);
				MARKETING_VERSION = 1.0;
				PRODUCT_BUNDLE_IDENTIFIER = KaRambE.Navigation2;
				PRODUCT_NAME = "$(TARGET_NAME)";
				SWIFT_EMIT_LOC_STRINGS = YES;
				SWIFT_VERSION = 5.0;
				TARGETED_DEVICE_FAMILY = "1,2";
			};
			name = Release;
		};
/* End XCBuildConfiguration section */

/* Begin XCConfigurationList section */
		6227EDF527B7AE0500D517D5 /* Build configuration list for PBXProject "Navigation2" */ = {
			isa = XCConfigurationList;
			buildConfigurations = (
				6227EE0C27B7AE0700D517D5 /* Debug */,
				6227EE0D27B7AE0700D517D5 /* Release */,
			);
			defaultConfigurationIsVisible = 0;
			defaultConfigurationName = Release;
		};
		6227EE0E27B7AE0700D517D5 /* Build configuration list for PBXNativeTarget "Navigation2" */ = {
			isa = XCConfigurationList;
			buildConfigurations = (
				6227EE0F27B7AE0700D517D5 /* Debug */,
				6227EE1027B7AE0700D517D5 /* Release */,
			);
			defaultConfigurationIsVisible = 0;
			defaultConfigurationName = Release;
		};
/* End XCConfigurationList section */
	};
	rootObject = 6227EDF227B7AE0500D517D5 /* Project object */;
}
